{
  "object": {
    "pins": [
      {
        "package": "ScreenData",
        "repositoryURL": "https://github.com/ServerDriven/ScreenData-swift",
        "state": {
          "branch": null,
          "revision": "5fdd95437ac874124e40a2e46ec26075a3e5308f",
          "version": "0.4.0"
        }
      }
    ]
  },
  "version": 1
}
