{
  "object": {
    "pins": [
      {
        "package": "ScreenData",
        "repositoryURL": "https://github.com/ServerDriven/ScreenData-swift",
        "state": {
          "branch": null,
          "revision": "a7e063b206024e23512ce8a546c633644723dfac",
          "version": "0.2.1"
        }
      }
    ]
  },
  "version": 1
}
